// !$*UTF8*$!
{
	archiveVersion = 1;
	classes = {
	};
	objectVersion = 50;
	objects = {

/* Begin PBXBuildFile section */
		107939A126DD07B00093B7E1 /* AppDelegate.swift in Sources */ = {isa = PBXBuildFile; fileRef = 107939A026DD07B00093B7E1 /* AppDelegate.swift */; };
		107939A326DD07B00093B7E1 /* SceneDelegate.swift in Sources */ = {isa = PBXBuildFile; fileRef = 107939A226DD07B00093B7E1 /* SceneDelegate.swift */; };
		107939A526DD07B00093B7E1 /* AddBirthdayViewController.swift in Sources */ = {isa = PBXBuildFile; fileRef = 107939A426DD07B00093B7E1 /* AddBirthdayViewController.swift */; };
		107939A826DD07B00093B7E1 /* Main.storyboard in Resources */ = {isa = PBXBuildFile; fileRef = 107939A626DD07B00093B7E1 /* Main.storyboard */; };
		107939AB26DD07B00093B7E1 /* BirthdayTracker.xcdatamodeld in Sources */ = {isa = PBXBuildFile; fileRef = 107939A926DD07B00093B7E1 /* BirthdayTracker.xcdatamodeld */; };
		107939AD26DD07B00093B7E1 /* Assets.xcassets in Resources */ = {isa = PBXBuildFile; fileRef = 107939AC26DD07B00093B7E1 /* Assets.xcassets */; };
		107939B026DD07B00093B7E1 /* LaunchScreen.storyboard in Resources */ = {isa = PBXBuildFile; fileRef = 107939AE26DD07B00093B7E1 /* LaunchScreen.storyboard */; };
		107939B826DD0C320093B7E1 /* .gitignore in Resources */ = {isa = PBXBuildFile; fileRef = 107939B726DD0C320093B7E1 /* .gitignore */; };
		10B94DE826E0039200E92317 /* BirthdaysTableViewController.swift in Sources */ = {isa = PBXBuildFile; fileRef = 10B94DE726E0039200E92317 /* BirthdaysTableViewController.swift */; };
/* End PBXBuildFile section */

/* Begin PBXFileReference section */
		1079399D26DD07B00093B7E1 /* BirthdayTracker.app */ = {isa = PBXFileReference; explicitFileType = wrapper.application; includeInIndex = 0; path = BirthdayTracker.app; sourceTree = BUILT_PRODUCTS_DIR; };
		107939A026DD07B00093B7E1 /* AppDelegate.swift */ = {isa = PBXFileReference; lastKnownFileType = sourcecode.swift; path = AppDelegate.swift; sourceTree = "<group>"; };
		107939A226DD07B00093B7E1 /* SceneDelegate.swift */ = {isa = PBXFileReference; lastKnownFileType = sourcecode.swift; path = SceneDelegate.swift; sourceTree = "<group>"; };
		107939A426DD07B00093B7E1 /* AddBirthdayViewController.swift */ = {isa = PBXFileReference; lastKnownFileType = sourcecode.swift; path = AddBirthdayViewController.swift; sourceTree = "<group>"; };
		107939A726DD07B00093B7E1 /* Base */ = {isa = PBXFileReference; lastKnownFileType = file.storyboard; name = Base; path = Base.lproj/Main.storyboard; sourceTree = "<group>"; };
		107939AA26DD07B00093B7E1 /* BirthdayTracker.xcdatamodel */ = {isa = PBXFileReference; lastKnownFileType = wrapper.xcdatamodel; path = BirthdayTracker.xcdatamodel; sourceTree = "<group>"; };
		107939AC26DD07B00093B7E1 /* Assets.xcassets */ = {isa = PBXFileReference; lastKnownFileType = folder.assetcatalog; path = Assets.xcassets; sourceTree = "<group>"; };
		107939AF26DD07B00093B7E1 /* Base */ = {isa = PBXFileReference; lastKnownFileType = file.storyboard; name = Base; path = Base.lproj/LaunchScreen.storyboard; sourceTree = "<group>"; };
		107939B126DD07B00093B7E1 /* Info.plist */ = {isa = PBXFileReference; lastKnownFileType = text.plist.xml; path = Info.plist; sourceTree = "<group>"; };
		107939B726DD0C320093B7E1 /* .gitignore */ = {isa = PBXFileReference; lastKnownFileType = text; path = .gitignore; sourceTree = "<group>"; };
		10B94DE726E0039200E92317 /* BirthdaysTableViewController.swift */ = {isa = PBXFileReference; lastKnownFileType = sourcecode.swift; path = BirthdaysTableViewController.swift; sourceTree = "<group>"; };
/* End PBXFileReference section */

/* Begin PBXFrameworksBuildPhase section */
		1079399A26DD07B00093B7E1 /* Frameworks */ = {
			isa = PBXFrameworksBuildPhase;
			buildActionMask = 2147483647;
			files = (
			);
			runOnlyForDeploymentPostprocessing = 0;
		};
/* End PBXFrameworksBuildPhase section */

/* Begin PBXGroup section */
		1079399426DD07B00093B7E1 = {
			isa = PBXGroup;
			children = (
				107939B726DD0C320093B7E1 /* .gitignore */,
				1079399F26DD07B00093B7E1 /* BirthdayTracker */,
				1079399E26DD07B00093B7E1 /* Products */,
			);
			sourceTree = "<group>";
		};
		1079399E26DD07B00093B7E1 /* Products */ = {
			isa = PBXGroup;
			children = (
				1079399D26DD07B00093B7E1 /* BirthdayTracker.app */,
			);
			name = Products;
			sourceTree = "<group>";
		};
		1079399F26DD07B00093B7E1 /* BirthdayTracker */ = {
			isa = PBXGroup;
			children = (
				107939BD26DD0CF50093B7E1 /* ViewControllers */,
				107939BA26DD0CBF0093B7E1 /* Storyboards */,
				107939BB26DD0CCC0093B7E1 /* Resources */,
				107939B926DD0CAF0093B7E1 /* App */,
				107939BC26DD0CEE0093B7E1 /* Data */,
			);
			path = BirthdayTracker;
			sourceTree = "<group>";
		};
		107939B926DD0CAF0093B7E1 /* App */ = {
			isa = PBXGroup;
			children = (
				107939B126DD07B00093B7E1 /* Info.plist */,
				107939A026DD07B00093B7E1 /* AppDelegate.swift */,
				107939A226DD07B00093B7E1 /* SceneDelegate.swift */,
			);
			path = App;
			sourceTree = "<group>";
		};
		107939BA26DD0CBF0093B7E1 /* Storyboards */ = {
			isa = PBXGroup;
			children = (
				107939A626DD07B00093B7E1 /* Main.storyboard */,
				107939AE26DD07B00093B7E1 /* LaunchScreen.storyboard */,
			);
			path = Storyboards;
			sourceTree = "<group>";
		};
		107939BB26DD0CCC0093B7E1 /* Resources */ = {
			isa = PBXGroup;
			children = (
				107939AC26DD07B00093B7E1 /* Assets.xcassets */,
			);
			path = Resources;
			sourceTree = "<group>";
		};
		107939BC26DD0CEE0093B7E1 /* Data */ = {
			isa = PBXGroup;
			children = (
				107939A926DD07B00093B7E1 /* BirthdayTracker.xcdatamodeld */,
			);
			path = Data;
			sourceTree = "<group>";
		};
		107939BD26DD0CF50093B7E1 /* ViewControllers */ = {
			isa = PBXGroup;
			children = (
				107939A426DD07B00093B7E1 /* AddBirthdayViewController.swift */,
				10B94DE726E0039200E92317 /* BirthdaysTableViewController.swift */,
			);
			path = ViewControllers;
			sourceTree = "<group>";
		};
/* End PBXGroup section */

/* Begin PBXNativeTarget section */
		1079399C26DD07B00093B7E1 /* BirthdayTracker */ = {
			isa = PBXNativeTarget;
			buildConfigurationList = 107939B426DD07B00093B7E1 /* Build configuration list for PBXNativeTarget "BirthdayTracker" */;
			buildPhases = (
				1079399926DD07B00093B7E1 /* Sources */,
				1079399A26DD07B00093B7E1 /* Frameworks */,
				1079399B26DD07B00093B7E1 /* Resources */,
			);
			buildRules = (
			);
			dependencies = (
			);
			name = BirthdayTracker;
			productName = BirthdayTracker;
			productReference = 1079399D26DD07B00093B7E1 /* BirthdayTracker.app */;
			productType = "com.apple.product-type.application";
		};
/* End PBXNativeTarget section */

/* Begin PBXProject section */
		1079399526DD07B00093B7E1 /* Project object */ = {
			isa = PBXProject;
			attributes = {
				LastSwiftUpdateCheck = 1250;
				LastUpgradeCheck = 1250;
				TargetAttributes = {
					1079399C26DD07B00093B7E1 = {
						CreatedOnToolsVersion = 12.5.1;
					};
				};
			};
			buildConfigurationList = 1079399826DD07B00093B7E1 /* Build configuration list for PBXProject "BirthdayTracker" */;
			compatibilityVersion = "Xcode 9.3";
			developmentRegion = en;
			hasScannedForEncodings = 0;
			knownRegions = (
				en,
				Base,
			);
			mainGroup = 1079399426DD07B00093B7E1;
			productRefGroup = 1079399E26DD07B00093B7E1 /* Products */;
			projectDirPath = "";
			projectRoot = "";
			targets = (
				1079399C26DD07B00093B7E1 /* BirthdayTracker */,
			);
		};
/* End PBXProject section */

/* Begin PBXResourcesBuildPhase section */
		1079399B26DD07B00093B7E1 /* Resources */ = {
			isa = PBXResourcesBuildPhase;
			buildActionMask = 2147483647;
			files = (
				107939B826DD0C320093B7E1 /* .gitignore in Resources */,
				107939B026DD07B00093B7E1 /* LaunchScreen.storyboard in Resources */,
				107939AD26DD07B00093B7E1 /* Assets.xcassets in Resources */,
				107939A826DD07B00093B7E1 /* Main.storyboard in Resources */,
			);
			runOnlyForDeploymentPostprocessing = 0;
		};
/* End PBXResourcesBuildPhase section */

/* Begin PBXSourcesBuildPhase section */
		1079399926DD07B00093B7E1 /* Sources */ = {
			isa = PBXSourcesBuildPhase;
			buildActionMask = 2147483647;
			files = (
				10B94DE826E0039200E92317 /* BirthdaysTableViewController.swift in Sources */,
				107939A526DD07B00093B7E1 /* AddBirthdayViewController.swift in Sources */,
				107939A126DD07B00093B7E1 /* AppDelegate.swift in Sources */,
				107939A326DD07B00093B7E1 /* SceneDelegate.swift in Sources */,
				107939AB26DD07B00093B7E1 /* BirthdayTracker.xcdatamodeld in Sources */,
			);
			runOnlyForDeploymentPostprocessing = 0;
		};
/* End PBXSourcesBuildPhase section */

/* Begin PBXVariantGroup section */
		107939A626DD07B00093B7E1 /* Main.storyboard */ = {
			isa = PBXVariantGroup;
			children = (
				107939A726DD07B00093B7E1 /* Base */,
			);
			name = Main.storyboard;
			sourceTree = "<group>";
		};
		107939AE26DD07B00093B7E1 /* LaunchScreen.storyboard */ = {
			isa = PBXVariantGroup;
			children = (
				107939AF26DD07B00093B7E1 /* Base */,
			);
			name = LaunchScreen.storyboard;
			sourceTree = "<group>";
		};
/* End PBXVariantGroup section */

/* Begin XCBuildConfiguration section */
		107939B226DD07B00093B7E1 /* Debug */ = {
			isa = XCBuildConfiguration;
			buildSettings = {
				ALWAYS_SEARCH_USER_PATHS = NO;
				CLANG_ANALYZER_NONNULL = YES;
				CLANG_ANALYZER_NUMBER_OBJECT_CONVERSION = YES_AGGRESSIVE;
				CLANG_CXX_LANGUAGE_STANDARD = "gnu++14";
				CLANG_CXX_LIBRARY = "libc++";
				CLANG_ENABLE_MODULES = YES;
				CLANG_ENABLE_OBJC_ARC = YES;
				CLANG_ENABLE_OBJC_WEAK = YES;
				CLANG_WARN_BLOCK_CAPTURE_AUTORELEASING = YES;
				CLANG_WARN_BOOL_CONVERSION = YES;
				CLANG_WARN_COMMA = YES;
				CLANG_WARN_CONSTANT_CONVERSION = YES;
				CLANG_WARN_DEPRECATED_OBJC_IMPLEMENTATIONS = YES;
				CLANG_WARN_DIRECT_OBJC_ISA_USAGE = YES_ERROR;
				CLANG_WARN_DOCUMENTATION_COMMENTS = YES;
				CLANG_WARN_EMPTY_BODY = YES;
				CLANG_WARN_ENUM_CONVERSION = YES;
				CLANG_WARN_INFINITE_RECURSION = YES;
				CLANG_WARN_INT_CONVERSION = YES;
				CLANG_WARN_NON_LITERAL_NULL_CONVERSION = YES;
				CLANG_WARN_OBJC_IMPLICIT_RETAIN_SELF = YES;
				CLANG_WARN_OBJC_LITERAL_CONVERSION = YES;
				CLANG_WARN_OBJC_ROOT_CLASS = YES_ERROR;
				CLANG_WARN_QUOTED_INCLUDE_IN_FRAMEWORK_HEADER = YES;
				CLANG_WARN_RANGE_LOOP_ANALYSIS = YES;
				CLANG_WARN_STRICT_PROTOTYPES = YES;
				CLANG_WARN_SUSPICIOUS_MOVE = YES;
				CLANG_WARN_UNGUARDED_AVAILABILITY = YES_AGGRESSIVE;
				CLANG_WARN_UNREACHABLE_CODE = YES;
				CLANG_WARN__DUPLICATE_METHOD_MATCH = YES;
				COPY_PHASE_STRIP = NO;
				DEBUG_INFORMATION_FORMAT = dwarf;
				ENABLE_STRICT_OBJC_MSGSEND = YES;
				ENABLE_TESTABILITY = YES;
				GCC_C_LANGUAGE_STANDARD = gnu11;
				GCC_DYNAMIC_NO_PIC = NO;
				GCC_NO_COMMON_BLOCKS = YES;
				GCC_OPTIMIZATION_LEVEL = 0;
				GCC_PREPROCESSOR_DEFINITIONS = (
					"DEBUG=1",
					"$(inherited)",
				);
				GCC_WARN_64_TO_32_BIT_CONVERSION = YES;
				GCC_WARN_ABOUT_RETURN_TYPE = YES_ERROR;
				GCC_WARN_UNDECLARED_SELECTOR = YES;
				GCC_WARN_UNINITIALIZED_AUTOS = YES_AGGRESSIVE;
				GCC_WARN_UNUSED_FUNCTION = YES;
				GCC_WARN_UNUSED_VARIABLE = YES;
				IPHONEOS_DEPLOYMENT_TARGET = 14.5;
				MTL_ENABLE_DEBUG_INFO = INCLUDE_SOURCE;
				MTL_FAST_MATH = YES;
				ONLY_ACTIVE_ARCH = YES;
				SDKROOT = iphoneos;
				SWIFT_ACTIVE_COMPILATION_CONDITIONS = DEBUG;
				SWIFT_OPTIMIZATION_LEVEL = "-Onone";
			};
			name = Debug;
		};
		107939B326DD07B00093B7E1 /* Release */ = {
			isa = XCBuildConfiguration;
			buildSettings = {
				ALWAYS_SEARCH_USER_PATHS = NO;
				CLANG_ANALYZER_NONNULL = YES;
				CLANG_ANALYZER_NUMBER_OBJECT_CONVERSION = YES_AGGRESSIVE;
				CLANG_CXX_LANGUAGE_STANDARD = "gnu++14";
				CLANG_CXX_LIBRARY = "libc++";
				CLANG_ENABLE_MODULES = YES;
				CLANG_ENABLE_OBJC_ARC = YES;
				CLANG_ENABLE_OBJC_WEAK = YES;
				CLANG_WARN_BLOCK_CAPTURE_AUTORELEASING = YES;
				CLANG_WARN_BOOL_CONVERSION = YES;
				CLANG_WARN_COMMA = YES;
				CLANG_WARN_CONSTANT_CONVERSION = YES;
				CLANG_WARN_DEPRECATED_OBJC_IMPLEMENTATIONS = YES;
				CLANG_WARN_DIRECT_OBJC_ISA_USAGE = YES_ERROR;
				CLANG_WARN_DOCUMENTATION_COMMENTS = YES;
				CLANG_WARN_EMPTY_BODY = YES;
				CLANG_WARN_ENUM_CONVERSION = YES;
				CLANG_WARN_INFINITE_RECURSION = YES;
				CLANG_WARN_INT_CONVERSION = YES;
				CLANG_WARN_NON_LITERAL_NULL_CONVERSION = YES;
				CLANG_WARN_OBJC_IMPLICIT_RETAIN_SELF = YES;
				CLANG_WARN_OBJC_LITERAL_CONVERSION = YES;
				CLANG_WARN_OBJC_ROOT_CLASS = YES_ERROR;
				CLANG_WARN_QUOTED_INCLUDE_IN_FRAMEWORK_HEADER = YES;
				CLANG_WARN_RANGE_LOOP_ANALYSIS = YES;
				CLANG_WARN_STRICT_PROTOTYPES = YES;
				CLANG_WARN_SUSPICIOUS_MOVE = YES;
				CLANG_WARN_UNGUARDED_AVAILABILITY = YES_AGGRESSIVE;
				CLANG_WARN_UNREACHABLE_CODE = YES;
				CLANG_WARN__DUPLICATE_METHOD_MATCH = YES;
				COPY_PHASE_STRIP = NO;
				DEBUG_INFORMATION_FORMAT = "dwarf-with-dsym";
				ENABLE_NS_ASSERTIONS = NO;
				ENABLE_STRICT_OBJC_MSGSEND = YES;
				GCC_C_LANGUAGE_STANDARD = gnu11;
				GCC_NO_COMMON_BLOCKS = YES;
				GCC_WARN_64_TO_32_BIT_CONVERSION = YES;
				GCC_WARN_ABOUT_RETURN_TYPE = YES_ERROR;
				GCC_WARN_UNDECLARED_SELECTOR = YES;
				GCC_WARN_UNINITIALIZED_AUTOS = YES_AGGRESSIVE;
				GCC_WARN_UNUSED_FUNCTION = YES;
				GCC_WARN_UNUSED_VARIABLE = YES;
				IPHONEOS_DEPLOYMENT_TARGET = 14.5;
				MTL_ENABLE_DEBUG_INFO = NO;
				MTL_FAST_MATH = YES;
				SDKROOT = iphoneos;
				SWIFT_COMPILATION_MODE = wholemodule;
				SWIFT_OPTIMIZATION_LEVEL = "-O";
				VALIDATE_PRODUCT = YES;
			};
			name = Release;
		};
		107939B526DD07B00093B7E1 /* Debug */ = {
			isa = XCBuildConfiguration;
			buildSettings = {
				ASSETCATALOG_COMPILER_APPICON_NAME = AppIcon;
				ASSETCATALOG_COMPILER_GLOBAL_ACCENT_COLOR_NAME = AccentColor;
				CODE_SIGN_STYLE = Automatic;
				DEVELOPMENT_TEAM = QGLMKQL94J;
				INFOPLIST_FILE = BirthdayTracker/App/Info.plist;
				LD_RUNPATH_SEARCH_PATHS = (
					"$(inherited)",
					"@executable_path/Frameworks",
				);
				PRODUCT_BUNDLE_IDENTIFIER = Olegajaro.BirthdayTracker;
				PRODUCT_NAME = "$(TARGET_NAME)";
				SWIFT_VERSION = 5.0;
				TARGETED_DEVICE_FAMILY = 1;
			};
			name = Debug;
		};
		107939B626DD07B00093B7E1 /* Release */ = {
			isa = XCBuildConfiguration;
			buildSettings = {
				ASSETCATALOG_COMPILER_APPICON_NAME = AppIcon;
				ASSETCATALOG_COMPILER_GLOBAL_ACCENT_COLOR_NAME = AccentColor;
				CODE_SIGN_STYLE = Automatic;
				DEVELOPMENT_TEAM = QGLMKQL94J;
				INFOPLIST_FILE = BirthdayTracker/App/Info.plist;
				LD_RUNPATH_SEARCH_PATHS = (
					"$(inherited)",
					"@executable_path/Frameworks",
				);
				PRODUCT_BUNDLE_IDENTIFIER = Olegajaro.BirthdayTracker;
				PRODUCT_NAME = "$(TARGET_NAME)";
				SWIFT_VERSION = 5.0;
				TARGETED_DEVICE_FAMILY = 1;
			};
			name = Release;
		};
/* End XCBuildConfiguration section */

/* Begin XCConfigurationList section */
		1079399826DD07B00093B7E1 /* Build configuration list for PBXProject "BirthdayTracker" */ = {
			isa = XCConfigurationList;
			buildConfigurations = (
				107939B226DD07B00093B7E1 /* Debug */,
				107939B326DD07B00093B7E1 /* Release */,
			);
			defaultConfigurationIsVisible = 0;
			defaultConfigurationName = Release;
		};
		107939B426DD07B00093B7E1 /* Build configuration list for PBXNativeTarget "BirthdayTracker" */ = {
			isa = XCConfigurationList;
			buildConfigurations = (
				107939B526DD07B00093B7E1 /* Debug */,
				107939B626DD07B00093B7E1 /* Release */,
			);
			defaultConfigurationIsVisible = 0;
			defaultConfigurationName = Release;
		};
/* End XCConfigurationList section */

/* Begin XCVersionGroup section */
		107939A926DD07B00093B7E1 /* BirthdayTracker.xcdatamodeld */ = {
			isa = XCVersionGroup;
			children = (
				107939AA26DD07B00093B7E1 /* BirthdayTracker.xcdatamodel */,
			);
			currentVersion = 107939AA26DD07B00093B7E1 /* BirthdayTracker.xcdatamodel */;
			path = BirthdayTracker.xcdatamodeld;
			sourceTree = "<group>";
			versionGroupType = wrapper.xcdatamodel;
		};
/* End XCVersionGroup section */
	};
	rootObject = 1079399526DD07B00093B7E1 /* Project object */;
}
